
Microsoft Visual Studio Solution File, Format Version 12.00
# Visual Studio Version 17
VisualStudioVersion = 17.3.32929.385
MinimumVisualStudioVersion = 10.0.40219.1
Project("{FAE04EC0-301F-11D3-BF4B-00C04F79EFBC}") = "Day5Assign", "Day5Assign.csproj", "{30C23F3F-D04D-4D0A-90CB-A50440F87597}"
EndProject
Global
	GlobalSection(SolutionConfigurationPlatforms) = preSolution
		Debug|Any CPU = Debug|Any CPU
		Release|Any CPU = Release|Any CPU
	EndGlobalSection
	GlobalSection(ProjectConfigurationPlatforms) = postSolution
		{30C23F3F-D04D-4D0A-90CB-A50440F87597}.Debug|Any CPU.ActiveCfg = Debug|Any CPU
		{30C23F3F-D04D-4D0A-90CB-A50440F87597}.Debug|Any CPU.Build.0 = Debug|Any CPU
		{30C23F3F-D04D-4D0A-90CB-A50440F87597}.Release|Any CPU.ActiveCfg = Release|Any CPU
		{30C23F3F-D04D-4D0A-90CB-A50440F87597}.Release|Any CPU.Build.0 = Release|Any CPU
	EndGlobalSection
	GlobalSection(SolutionProperties) = preSolution
		HideSolutionNode = FALSE
	EndGlobalSection
	GlobalSection(ExtensibilityGlobals) = postSolution
		SolutionGuid = {60AC251B-6206-4121-9E91-8F75589F32BB}
	EndGlobalSection
EndGlobal
